
Microsoft Visual Studio Solution File, Format Version 12.00
# Visual Studio Version 16
VisualStudioVersion = 16.0.30330.147
MinimumVisualStudioVersion = 10.0.40219.1
Project("{FAE04EC0-301F-11D3-BF4B-00C04F79EFBC}") = "nomoreadd-uiv001", "nomoreadd-uiv001\nomoreadd-uiv001.csproj", "{77BE3E9A-0E4A-41CD-AEAA-4F57C713B6CF}"
EndProject
Global
	GlobalSection(SolutionConfigurationPlatforms) = preSolution
		Debug|Any CPU = Debug|Any CPU
		Release|Any CPU = Release|Any CPU
	EndGlobalSection
	GlobalSection(ProjectConfigurationPlatforms) = postSolution
		{77BE3E9A-0E4A-41CD-AEAA-4F57C713B6CF}.Debug|Any CPU.ActiveCfg = Debug|Any CPU
		{77BE3E9A-0E4A-41CD-AEAA-4F57C713B6CF}.Debug|Any CPU.Build.0 = Debug|Any CPU
		{77BE3E9A-0E4A-41CD-AEAA-4F57C713B6CF}.Release|Any CPU.ActiveCfg = Release|Any CPU
		{77BE3E9A-0E4A-41CD-AEAA-4F57C713B6CF}.Release|Any CPU.Build.0 = Release|Any CPU
	EndGlobalSection
	GlobalSection(SolutionProperties) = preSolution
		HideSolutionNode = FALSE
	EndGlobalSection
	GlobalSection(ExtensibilityGlobals) = postSolution
		SolutionGuid = {21A32E62-EAA0-44DC-A122-F318F0CBA93A}
	EndGlobalSection
EndGlobal
